// !$*UTF8*$!
{
	archiveVersion = 1;
	classes = {
	};
	objectVersion = 46;
	objects = {

/* Begin PBXBuildFile section */
		880323271E8867B8007E719F /* Resources in Resources */ = {isa = PBXBuildFile; fileRef = 880323261E8867B8007E719F /* Resources */; };
		880323281E8867FD007E719F /* Resources in Resources */ = {isa = PBXBuildFile; fileRef = 880323261E8867B8007E719F /* Resources */; };
		88CC556F1E50FF330046E155 /* SettingsViewController.m in Sources */ = {isa = PBXBuildFile; fileRef = 88CC556E1E50FF330046E155 /* SettingsViewController.m */; };
		88CC55711E5101710046E155 /* Graphics in Resources */ = {isa = PBXBuildFile; fileRef = 88CC55701E5101710046E155 /* Graphics */; };
		D001FF291E3247540023DF29 /* main.m in Sources */ = {isa = PBXBuildFile; fileRef = D001FF281E3247540023DF29 /* main.m */; };
		D001FF2C1E3247540023DF29 /* AppDelegate.m in Sources */ = {isa = PBXBuildFile; fileRef = D001FF2B1E3247540023DF29 /* AppDelegate.m */; };
		D001FF2F1E3247540023DF29 /* StatusViewController.m in Sources */ = {isa = PBXBuildFile; fileRef = D001FF2E1E3247540023DF29 /* StatusViewController.m */; };
		D001FF321E3247540023DF29 /* MapViewController.m in Sources */ = {isa = PBXBuildFile; fileRef = D001FF311E3247540023DF29 /* MapViewController.m */; };
		D001FF351E3247540023DF29 /* Main.storyboard in Resources */ = {isa = PBXBuildFile; fileRef = D001FF331E3247540023DF29 /* Main.storyboard */; };
		D001FF371E3247540023DF29 /* Assets.xcassets in Resources */ = {isa = PBXBuildFile; fileRef = D001FF361E3247540023DF29 /* Assets.xcassets */; };
		D001FF3A1E3247540023DF29 /* LaunchScreen.storyboard in Resources */ = {isa = PBXBuildFile; fileRef = D001FF381E3247540023DF29 /* LaunchScreen.storyboard */; };
		D001FF451E3247540023DF29 /* London_Underground_Tube_StatusTests.m in Sources */ = {isa = PBXBuildFile; fileRef = D001FF441E3247540023DF29 /* London_Underground_Tube_StatusTests.m */; };
		D001FF501E3247540023DF29 /* London_Underground_Tube_StatusUITests.m in Sources */ = {isa = PBXBuildFile; fileRef = D001FF4F1E3247540023DF29 /* London_Underground_Tube_StatusUITests.m */; };
		D001FF621E3406CA0023DF29 /* StatusFetcher.m in Sources */ = {isa = PBXBuildFile; fileRef = D001FF611E3406CA0023DF29 /* StatusFetcher.m */; };
		D0080CDA1E535D0700E60197 /* NotificationCenter.framework in Frameworks */ = {isa = PBXBuildFile; fileRef = D0080CD91E535D0700E60197 /* NotificationCenter.framework */; };
		D0080CDE1E535D0700E60197 /* TodayViewController.m in Sources */ = {isa = PBXBuildFile; fileRef = D0080CDD1E535D0700E60197 /* TodayViewController.m */; };
		D0080CE11E535D0700E60197 /* MainInterface.storyboard in Resources */ = {isa = PBXBuildFile; fileRef = D0080CDF1E535D0700E60197 /* MainInterface.storyboard */; };
		D0080CE51E535D0700E60197 /* London Underground Tube Status Widget.appex in Embed App Extensions */ = {isa = PBXBuildFile; fileRef = D0080CD71E535D0700E60197 /* London Underground Tube Status Widget.appex */; settings = {ATTRIBUTES = (RemoveHeadersOnCopy, ); }; };
		D0080CEA1E5C365600E60197 /* StatusFetcher.m in Sources */ = {isa = PBXBuildFile; fileRef = D001FF611E3406CA0023DF29 /* StatusFetcher.m */; };
/* End PBXBuildFile section */

/* Begin PBXContainerItemProxy section */
		D001FF411E3247540023DF29 /* PBXContainerItemProxy */ = {
			isa = PBXContainerItemProxy;
			containerPortal = D001FF1C1E3247540023DF29 /* Project object */;
			proxyType = 1;
			remoteGlobalIDString = D001FF231E3247540023DF29;
			remoteInfo = "London Underground Tube Status";
		};
		D001FF4C1E3247540023DF29 /* PBXContainerItemProxy */ = {
			isa = PBXContainerItemProxy;
			containerPortal = D001FF1C1E3247540023DF29 /* Project object */;
			proxyType = 1;
			remoteGlobalIDString = D001FF231E3247540023DF29;
			remoteInfo = "London Underground Tube Status";
		};
		D0080CE31E535D0700E60197 /* PBXContainerItemProxy */ = {
			isa = PBXContainerItemProxy;
			containerPortal = D001FF1C1E3247540023DF29 /* Project object */;
			proxyType = 1;
			remoteGlobalIDString = D0080CD61E535D0700E60197;
			remoteInfo = "London Underground Tube Status Widget";
		};
/* End PBXContainerItemProxy section */

/* Begin PBXCopyFilesBuildPhase section */
		D0080CE91E535D0700E60197 /* Embed App Extensions */ = {
			isa = PBXCopyFilesBuildPhase;
			buildActionMask = 2147483647;
			dstPath = "";
			dstSubfolderSpec = 13;
			files = (
				D0080CE51E535D0700E60197 /* London Underground Tube Status Widget.appex in Embed App Extensions */,
			);
			name = "Embed App Extensions";
			runOnlyForDeploymentPostprocessing = 0;
		};
/* End PBXCopyFilesBuildPhase section */

/* Begin PBXFileReference section */
		880323261E8867B8007E719F /* Resources */ = {isa = PBXFileReference; lastKnownFileType = folder; path = Resources; sourceTree = "<group>"; };
		88CC556D1E50FF0F0046E155 /* SettingsViewController.h */ = {isa = PBXFileReference; fileEncoding = 4; lastKnownFileType = sourcecode.c.h; path = SettingsViewController.h; sourceTree = "<group>"; };
		88CC556E1E50FF330046E155 /* SettingsViewController.m */ = {isa = PBXFileReference; fileEncoding = 4; lastKnownFileType = sourcecode.c.objc; path = SettingsViewController.m; sourceTree = "<group>"; };
		88CC55701E5101710046E155 /* Graphics */ = {isa = PBXFileReference; lastKnownFileType = folder; path = Graphics; sourceTree = "<group>"; };
		D001FF241E3247540023DF29 /* London Underground Tube Status.app */ = {isa = PBXFileReference; explicitFileType = wrapper.application; includeInIndex = 0; path = "London Underground Tube Status.app"; sourceTree = BUILT_PRODUCTS_DIR; };
		D001FF281E3247540023DF29 /* main.m */ = {isa = PBXFileReference; lastKnownFileType = sourcecode.c.objc; path = main.m; sourceTree = "<group>"; };
		D001FF2A1E3247540023DF29 /* AppDelegate.h */ = {isa = PBXFileReference; lastKnownFileType = sourcecode.c.h; path = AppDelegate.h; sourceTree = "<group>"; };
		D001FF2B1E3247540023DF29 /* AppDelegate.m */ = {isa = PBXFileReference; lastKnownFileType = sourcecode.c.objc; path = AppDelegate.m; sourceTree = "<group>"; };
		D001FF2D1E3247540023DF29 /* StatusViewController.h */ = {isa = PBXFileReference; lastKnownFileType = sourcecode.c.h; path = StatusViewController.h; sourceTree = "<group>"; };
		D001FF2E1E3247540023DF29 /* StatusViewController.m */ = {isa = PBXFileReference; lastKnownFileType = sourcecode.c.objc; path = StatusViewController.m; sourceTree = "<group>"; };
		D001FF301E3247540023DF29 /* MapViewController.h */ = {isa = PBXFileReference; lastKnownFileType = sourcecode.c.h; path = MapViewController.h; sourceTree = "<group>"; };
		D001FF311E3247540023DF29 /* MapViewController.m */ = {isa = PBXFileReference; lastKnownFileType = sourcecode.c.objc; path = MapViewController.m; sourceTree = "<group>"; };
		D001FF341E3247540023DF29 /* Base */ = {isa = PBXFileReference; lastKnownFileType = file.storyboard; name = Base; path = Base.lproj/Main.storyboard; sourceTree = "<group>"; };
		D001FF361E3247540023DF29 /* Assets.xcassets */ = {isa = PBXFileReference; lastKnownFileType = folder.assetcatalog; path = Assets.xcassets; sourceTree = "<group>"; };
		D001FF391E3247540023DF29 /* Base */ = {isa = PBXFileReference; lastKnownFileType = file.storyboard; name = Base; path = Base.lproj/LaunchScreen.storyboard; sourceTree = "<group>"; };
		D001FF3B1E3247540023DF29 /* Info.plist */ = {isa = PBXFileReference; lastKnownFileType = text.plist.xml; path = Info.plist; sourceTree = "<group>"; };
		D001FF401E3247540023DF29 /* London Underground Tube StatusTests.xctest */ = {isa = PBXFileReference; explicitFileType = wrapper.cfbundle; includeInIndex = 0; path = "London Underground Tube StatusTests.xctest"; sourceTree = BUILT_PRODUCTS_DIR; };
		D001FF441E3247540023DF29 /* London_Underground_Tube_StatusTests.m */ = {isa = PBXFileReference; lastKnownFileType = sourcecode.c.objc; path = London_Underground_Tube_StatusTests.m; sourceTree = "<group>"; };
		D001FF461E3247540023DF29 /* Info.plist */ = {isa = PBXFileReference; lastKnownFileType = text.plist.xml; path = Info.plist; sourceTree = "<group>"; };
		D001FF4B1E3247540023DF29 /* London Underground Tube StatusUITests.xctest */ = {isa = PBXFileReference; explicitFileType = wrapper.cfbundle; includeInIndex = 0; path = "London Underground Tube StatusUITests.xctest"; sourceTree = BUILT_PRODUCTS_DIR; };
		D001FF4F1E3247540023DF29 /* London_Underground_Tube_StatusUITests.m */ = {isa = PBXFileReference; lastKnownFileType = sourcecode.c.objc; path = London_Underground_Tube_StatusUITests.m; sourceTree = "<group>"; };
		D001FF511E3247540023DF29 /* Info.plist */ = {isa = PBXFileReference; lastKnownFileType = text.plist.xml; path = Info.plist; sourceTree = "<group>"; };
		D001FF601E3406B10023DF29 /* StatusFetcher.h */ = {isa = PBXFileReference; fileEncoding = 4; lastKnownFileType = sourcecode.c.h; path = StatusFetcher.h; sourceTree = "<group>"; };
		D001FF611E3406CA0023DF29 /* StatusFetcher.m */ = {isa = PBXFileReference; fileEncoding = 4; lastKnownFileType = sourcecode.c.objc; path = StatusFetcher.m; sourceTree = "<group>"; };
		D0080CD71E535D0700E60197 /* London Underground Tube Status Widget.appex */ = {isa = PBXFileReference; explicitFileType = "wrapper.app-extension"; includeInIndex = 0; path = "London Underground Tube Status Widget.appex"; sourceTree = BUILT_PRODUCTS_DIR; };
		D0080CD91E535D0700E60197 /* NotificationCenter.framework */ = {isa = PBXFileReference; lastKnownFileType = wrapper.framework; name = NotificationCenter.framework; path = System/Library/Frameworks/NotificationCenter.framework; sourceTree = SDKROOT; };
		D0080CDC1E535D0700E60197 /* TodayViewController.h */ = {isa = PBXFileReference; lastKnownFileType = sourcecode.c.h; path = TodayViewController.h; sourceTree = "<group>"; };
		D0080CDD1E535D0700E60197 /* TodayViewController.m */ = {isa = PBXFileReference; lastKnownFileType = sourcecode.c.objc; path = TodayViewController.m; sourceTree = "<group>"; };
		D0080CE01E535D0700E60197 /* Base */ = {isa = PBXFileReference; lastKnownFileType = file.storyboard; name = Base; path = Base.lproj/MainInterface.storyboard; sourceTree = "<group>"; };
		D0080CE21E535D0700E60197 /* Info.plist */ = {isa = PBXFileReference; lastKnownFileType = text.plist.xml; path = Info.plist; sourceTree = "<group>"; };
/* End PBXFileReference section */

/* Begin PBXFrameworksBuildPhase section */
		D001FF211E3247540023DF29 /* Frameworks */ = {
			isa = PBXFrameworksBuildPhase;
			buildActionMask = 2147483647;
			files = (
			);
			runOnlyForDeploymentPostprocessing = 0;
		};
		D001FF3D1E3247540023DF29 /* Frameworks */ = {
			isa = PBXFrameworksBuildPhase;
			buildActionMask = 2147483647;
			files = (
			);
			runOnlyForDeploymentPostprocessing = 0;
		};
		D001FF481E3247540023DF29 /* Frameworks */ = {
			isa = PBXFrameworksBuildPhase;
			buildActionMask = 2147483647;
			files = (
			);
			runOnlyForDeploymentPostprocessing = 0;
		};
		D0080CD41E535D0700E60197 /* Frameworks */ = {
			isa = PBXFrameworksBuildPhase;
			buildActionMask = 2147483647;
			files = (
				D0080CDA1E535D0700E60197 /* NotificationCenter.framework in Frameworks */,
			);
			runOnlyForDeploymentPostprocessing = 0;
		};
/* End PBXFrameworksBuildPhase section */

/* Begin PBXGroup section */
		D001FF1B1E3247540023DF29 = {
			isa = PBXGroup;
			children = (
				D001FF261E3247540023DF29 /* London Underground Tube Status */,
				D001FF431E3247540023DF29 /* London Underground Tube StatusTests */,
				D001FF4E1E3247540023DF29 /* London Underground Tube StatusUITests */,
				D0080CDB1E535D0700E60197 /* London Underground Tube Status Widget */,
				D0080CD81E535D0700E60197 /* Frameworks */,
				D001FF251E3247540023DF29 /* Products */,
			);
			sourceTree = "<group>";
		};
		D001FF251E3247540023DF29 /* Products */ = {
			isa = PBXGroup;
			children = (
				D001FF241E3247540023DF29 /* London Underground Tube Status.app */,
				D001FF401E3247540023DF29 /* London Underground Tube StatusTests.xctest */,
				D001FF4B1E3247540023DF29 /* London Underground Tube StatusUITests.xctest */,
				D0080CD71E535D0700E60197 /* London Underground Tube Status Widget.appex */,
			);
			name = Products;
			sourceTree = "<group>";
		};
		D001FF261E3247540023DF29 /* London Underground Tube Status */ = {
			isa = PBXGroup;
			children = (
				D001FF2A1E3247540023DF29 /* AppDelegate.h */,
				D001FF2B1E3247540023DF29 /* AppDelegate.m */,
				D001FF2D1E3247540023DF29 /* StatusViewController.h */,
				D001FF2E1E3247540023DF29 /* StatusViewController.m */,
				D001FF601E3406B10023DF29 /* StatusFetcher.h */,
				D001FF611E3406CA0023DF29 /* StatusFetcher.m */,
				D001FF301E3247540023DF29 /* MapViewController.h */,
				D001FF311E3247540023DF29 /* MapViewController.m */,
				88CC556D1E50FF0F0046E155 /* SettingsViewController.h */,
				88CC556E1E50FF330046E155 /* SettingsViewController.m */,
				D001FF331E3247540023DF29 /* Main.storyboard */,
				D001FF361E3247540023DF29 /* Assets.xcassets */,
				880323261E8867B8007E719F /* Resources */,
				88CC55701E5101710046E155 /* Graphics */,
				D001FF381E3247540023DF29 /* LaunchScreen.storyboard */,
				D001FF3B1E3247540023DF29 /* Info.plist */,
				D001FF271E3247540023DF29 /* Supporting Files */,
			);
			path = "London Underground Tube Status";
			sourceTree = "<group>";
		};
		D001FF271E3247540023DF29 /* Supporting Files */ = {
			isa = PBXGroup;
			children = (
				D001FF281E3247540023DF29 /* main.m */,
			);
			name = "Supporting Files";
			sourceTree = "<group>";
		};
		D001FF431E3247540023DF29 /* London Underground Tube StatusTests */ = {
			isa = PBXGroup;
			children = (
				D001FF441E3247540023DF29 /* London_Underground_Tube_StatusTests.m */,
				D001FF461E3247540023DF29 /* Info.plist */,
			);
			path = "London Underground Tube StatusTests";
			sourceTree = "<group>";
		};
		D001FF4E1E3247540023DF29 /* London Underground Tube StatusUITests */ = {
			isa = PBXGroup;
			children = (
				D001FF4F1E3247540023DF29 /* London_Underground_Tube_StatusUITests.m */,
				D001FF511E3247540023DF29 /* Info.plist */,
			);
			path = "London Underground Tube StatusUITests";
			sourceTree = "<group>";
		};
		D0080CD81E535D0700E60197 /* Frameworks */ = {
			isa = PBXGroup;
			children = (
				D0080CD91E535D0700E60197 /* NotificationCenter.framework */,
			);
			name = Frameworks;
			sourceTree = "<group>";
		};
		D0080CDB1E535D0700E60197 /* London Underground Tube Status Widget */ = {
			isa = PBXGroup;
			children = (
				D0080CDC1E535D0700E60197 /* TodayViewController.h */,
				D0080CDD1E535D0700E60197 /* TodayViewController.m */,
				D0080CDF1E535D0700E60197 /* MainInterface.storyboard */,
				D0080CE21E535D0700E60197 /* Info.plist */,
			);
			path = "London Underground Tube Status Widget";
			sourceTree = "<group>";
		};
/* End PBXGroup section */

/* Begin PBXNativeTarget section */
		D001FF231E3247540023DF29 /* London Underground Tube Status */ = {
			isa = PBXNativeTarget;
			buildConfigurationList = D001FF541E3247540023DF29 /* Build configuration list for PBXNativeTarget "London Underground Tube Status" */;
			buildPhases = (
				D001FF201E3247540023DF29 /* Sources */,
				D001FF211E3247540023DF29 /* Frameworks */,
				D001FF221E3247540023DF29 /* Resources */,
				D0080CE91E535D0700E60197 /* Embed App Extensions */,
			);
			buildRules = (
			);
			dependencies = (
				D0080CE41E535D0700E60197 /* PBXTargetDependency */,
			);
			name = "London Underground Tube Status";
			productName = "London Underground Tube Status";
			productReference = D001FF241E3247540023DF29 /* London Underground Tube Status.app */;
			productType = "com.apple.product-type.application";
		};
		D001FF3F1E3247540023DF29 /* London Underground Tube StatusTests */ = {
			isa = PBXNativeTarget;
			buildConfigurationList = D001FF571E3247540023DF29 /* Build configuration list for PBXNativeTarget "London Underground Tube StatusTests" */;
			buildPhases = (
				D001FF3C1E3247540023DF29 /* Sources */,
				D001FF3D1E3247540023DF29 /* Frameworks */,
				D001FF3E1E3247540023DF29 /* Resources */,
			);
			buildRules = (
			);
			dependencies = (
				D001FF421E3247540023DF29 /* PBXTargetDependency */,
			);
			name = "London Underground Tube StatusTests";
			productName = "London Underground Tube StatusTests";
			productReference = D001FF401E3247540023DF29 /* London Underground Tube StatusTests.xctest */;
			productType = "com.apple.product-type.bundle.unit-test";
		};
		D001FF4A1E3247540023DF29 /* London Underground Tube StatusUITests */ = {
			isa = PBXNativeTarget;
			buildConfigurationList = D001FF5A1E3247540023DF29 /* Build configuration list for PBXNativeTarget "London Underground Tube StatusUITests" */;
			buildPhases = (
				D001FF471E3247540023DF29 /* Sources */,
				D001FF481E3247540023DF29 /* Frameworks */,
				D001FF491E3247540023DF29 /* Resources */,
			);
			buildRules = (
			);
			dependencies = (
				D001FF4D1E3247540023DF29 /* PBXTargetDependency */,
			);
			name = "London Underground Tube StatusUITests";
			productName = "London Underground Tube StatusUITests";
			productReference = D001FF4B1E3247540023DF29 /* London Underground Tube StatusUITests.xctest */;
			productType = "com.apple.product-type.bundle.ui-testing";
		};
		D0080CD61E535D0700E60197 /* London Underground Tube Status Widget */ = {
			isa = PBXNativeTarget;
			buildConfigurationList = D0080CE81E535D0700E60197 /* Build configuration list for PBXNativeTarget "London Underground Tube Status Widget" */;
			buildPhases = (
				D0080CD31E535D0700E60197 /* Sources */,
				D0080CD41E535D0700E60197 /* Frameworks */,
				D0080CD51E535D0700E60197 /* Resources */,
			);
			buildRules = (
			);
			dependencies = (
			);
			name = "London Underground Tube Status Widget";
			productName = "London Underground Tube Status Widget";
			productReference = D0080CD71E535D0700E60197 /* London Underground Tube Status Widget.appex */;
			productType = "com.apple.product-type.app-extension";
		};
/* End PBXNativeTarget section */

/* Begin PBXProject section */
		D001FF1C1E3247540023DF29 /* Project object */ = {
			isa = PBXProject;
			attributes = {
				LastUpgradeCheck = 0820;
				ORGANIZATIONNAME = "Rachel McGreevy";
				TargetAttributes = {
					D001FF231E3247540023DF29 = {
						CreatedOnToolsVersion = 8.2.1;
						DevelopmentTeam = B6C84G57E3;
						ProvisioningStyle = Automatic;
					};
					D001FF3F1E3247540023DF29 = {
						CreatedOnToolsVersion = 8.2.1;
						DevelopmentTeam = B6C84G57E3;
						ProvisioningStyle = Automatic;
						TestTargetID = D001FF231E3247540023DF29;
					};
					D001FF4A1E3247540023DF29 = {
						CreatedOnToolsVersion = 8.2.1;
						DevelopmentTeam = B6C84G57E3;
						ProvisioningStyle = Automatic;
						TestTargetID = D001FF231E3247540023DF29;
					};
					D0080CD61E535D0700E60197 = {
						CreatedOnToolsVersion = 8.2.1;
						DevelopmentTeam = B6C84G57E3;
						ProvisioningStyle = Automatic;
					};
				};
			};
			buildConfigurationList = D001FF1F1E3247540023DF29 /* Build configuration list for PBXProject "London Underground Tube Status" */;
			compatibilityVersion = "Xcode 3.2";
			developmentRegion = English;
			hasScannedForEncodings = 0;
			knownRegions = (
				en,
				Base,
			);
			mainGroup = D001FF1B1E3247540023DF29;
			productRefGroup = D001FF251E3247540023DF29 /* Products */;
			projectDirPath = "";
			projectRoot = "";
			targets = (
				D001FF231E3247540023DF29 /* London Underground Tube Status */,
				D001FF3F1E3247540023DF29 /* London Underground Tube StatusTests */,
				D001FF4A1E3247540023DF29 /* London Underground Tube StatusUITests */,
				D0080CD61E535D0700E60197 /* London Underground Tube Status Widget */,
			);
		};
/* End PBXProject section */

/* Begin PBXResourcesBuildPhase section */
		D001FF221E3247540023DF29 /* Resources */ = {
			isa = PBXResourcesBuildPhase;
			buildActionMask = 2147483647;
			files = (
				D001FF3A1E3247540023DF29 /* LaunchScreen.storyboard in Resources */,
				88CC55711E5101710046E155 /* Graphics in Resources */,
				D001FF371E3247540023DF29 /* Assets.xcassets in Resources */,
				D001FF351E3247540023DF29 /* Main.storyboard in Resources */,
				880323271E8867B8007E719F /* Resources in Resources */,
			);
			runOnlyForDeploymentPostprocessing = 0;
		};
		D001FF3E1E3247540023DF29 /* Resources */ = {
			isa = PBXResourcesBuildPhase;
			buildActionMask = 2147483647;
			files = (
				880323281E8867FD007E719F /* Resources in Resources */,
			);
			runOnlyForDeploymentPostprocessing = 0;
		};
		D001FF491E3247540023DF29 /* Resources */ = {
			isa = PBXResourcesBuildPhase;
			buildActionMask = 2147483647;
			files = (
			);
			runOnlyForDeploymentPostprocessing = 0;
		};
		D0080CD51E535D0700E60197 /* Resources */ = {
			isa = PBXResourcesBuildPhase;
			buildActionMask = 2147483647;
			files = (
				D0080CE11E535D0700E60197 /* MainInterface.storyboard in Resources */,
			);
			runOnlyForDeploymentPostprocessing = 0;
		};
/* End PBXResourcesBuildPhase section */

/* Begin PBXSourcesBuildPhase section */
		D001FF201E3247540023DF29 /* Sources */ = {
			isa = PBXSourcesBuildPhase;
			buildActionMask = 2147483647;
			files = (
				D001FF321E3247540023DF29 /* MapViewController.m in Sources */,
				D001FF621E3406CA0023DF29 /* StatusFetcher.m in Sources */,
				D001FF2C1E3247540023DF29 /* AppDelegate.m in Sources */,
				D001FF2F1E3247540023DF29 /* StatusViewController.m in Sources */,
				D001FF291E3247540023DF29 /* main.m in Sources */,
				88CC556F1E50FF330046E155 /* SettingsViewController.m in Sources */,
			);
			runOnlyForDeploymentPostprocessing = 0;
		};
		D001FF3C1E3247540023DF29 /* Sources */ = {
			isa = PBXSourcesBuildPhase;
			buildActionMask = 2147483647;
			files = (
				D001FF451E3247540023DF29 /* London_Underground_Tube_StatusTests.m in Sources */,
			);
			runOnlyForDeploymentPostprocessing = 0;
		};
		D001FF471E3247540023DF29 /* Sources */ = {
			isa = PBXSourcesBuildPhase;
			buildActionMask = 2147483647;
			files = (
				D001FF501E3247540023DF29 /* London_Underground_Tube_StatusUITests.m in Sources */,
			);
			runOnlyForDeploymentPostprocessing = 0;
		};
		D0080CD31E535D0700E60197 /* Sources */ = {
			isa = PBXSourcesBuildPhase;
			buildActionMask = 2147483647;
			files = (
				D0080CEA1E5C365600E60197 /* StatusFetcher.m in Sources */,
				D0080CDE1E535D0700E60197 /* TodayViewController.m in Sources */,
			);
			runOnlyForDeploymentPostprocessing = 0;
		};
/* End PBXSourcesBuildPhase section */

/* Begin PBXTargetDependency section */
		D001FF421E3247540023DF29 /* PBXTargetDependency */ = {
			isa = PBXTargetDependency;
			target = D001FF231E3247540023DF29 /* London Underground Tube Status */;
			targetProxy = D001FF411E3247540023DF29 /* PBXContainerItemProxy */;
		};
		D001FF4D1E3247540023DF29 /* PBXTargetDependency */ = {
			isa = PBXTargetDependency;
			target = D001FF231E3247540023DF29 /* London Underground Tube Status */;
			targetProxy = D001FF4C1E3247540023DF29 /* PBXContainerItemProxy */;
		};
		D0080CE41E535D0700E60197 /* PBXTargetDependency */ = {
			isa = PBXTargetDependency;
			target = D0080CD61E535D0700E60197 /* London Underground Tube Status Widget */;
			targetProxy = D0080CE31E535D0700E60197 /* PBXContainerItemProxy */;
		};
/* End PBXTargetDependency section */

/* Begin PBXVariantGroup section */
		D001FF331E3247540023DF29 /* Main.storyboard */ = {
			isa = PBXVariantGroup;
			children = (
				D001FF341E3247540023DF29 /* Base */,
			);
			name = Main.storyboard;
			sourceTree = "<group>";
		};
		D001FF381E3247540023DF29 /* LaunchScreen.storyboard */ = {
			isa = PBXVariantGroup;
			children = (
				D001FF391E3247540023DF29 /* Base */,
			);
			name = LaunchScreen.storyboard;
			sourceTree = "<group>";
		};
		D0080CDF1E535D0700E60197 /* MainInterface.storyboard */ = {
			isa = PBXVariantGroup;
			children = (
				D0080CE01E535D0700E60197 /* Base */,
			);
			name = MainInterface.storyboard;
			sourceTree = "<group>";
		};
/* End PBXVariantGroup section */

/* Begin XCBuildConfiguration section */
		D001FF521E3247540023DF29 /* Debug */ = {
			isa = XCBuildConfiguration;
			buildSettings = {
				ALWAYS_SEARCH_USER_PATHS = NO;
				CLANG_ANALYZER_NONNULL = YES;
				CLANG_CXX_LANGUAGE_STANDARD = "gnu++0x";
				CLANG_CXX_LIBRARY = "libc++";
				CLANG_ENABLE_MODULES = YES;
				CLANG_ENABLE_OBJC_ARC = YES;
				CLANG_WARN_BOOL_CONVERSION = YES;
				CLANG_WARN_CONSTANT_CONVERSION = YES;
				CLANG_WARN_DIRECT_OBJC_ISA_USAGE = YES_ERROR;
				CLANG_WARN_DOCUMENTATION_COMMENTS = YES;
				CLANG_WARN_EMPTY_BODY = YES;
				CLANG_WARN_ENUM_CONVERSION = YES;
				CLANG_WARN_INFINITE_RECURSION = YES;
				CLANG_WARN_INT_CONVERSION = YES;
				CLANG_WARN_OBJC_ROOT_CLASS = YES_ERROR;
				CLANG_WARN_SUSPICIOUS_MOVE = YES;
				CLANG_WARN_UNREACHABLE_CODE = YES;
				CLANG_WARN__DUPLICATE_METHOD_MATCH = YES;
				"CODE_SIGN_IDENTITY[sdk=iphoneos*]" = "iPhone Developer";
				COPY_PHASE_STRIP = NO;
				DEBUG_INFORMATION_FORMAT = dwarf;
				ENABLE_STRICT_OBJC_MSGSEND = YES;
				ENABLE_TESTABILITY = YES;
				GCC_C_LANGUAGE_STANDARD = gnu99;
				GCC_DYNAMIC_NO_PIC = NO;
				GCC_NO_COMMON_BLOCKS = YES;
				GCC_OPTIMIZATION_LEVEL = 0;
				GCC_PREPROCESSOR_DEFINITIONS = (
					"DEBUG=1",
					"$(inherited)",
				);
				GCC_WARN_64_TO_32_BIT_CONVERSION = YES;
				GCC_WARN_ABOUT_RETURN_TYPE = YES_ERROR;
				GCC_WARN_UNDECLARED_SELECTOR = YES;
				GCC_WARN_UNINITIALIZED_AUTOS = YES_AGGRESSIVE;
				GCC_WARN_UNUSED_FUNCTION = YES;
				GCC_WARN_UNUSED_VARIABLE = YES;
				IPHONEOS_DEPLOYMENT_TARGET = 10.2;
				MTL_ENABLE_DEBUG_INFO = YES;
				ONLY_ACTIVE_ARCH = YES;
				SDKROOT = iphoneos;
				TARGETED_DEVICE_FAMILY = "1,2";
			};
			name = Debug;
		};
		D001FF531E3247540023DF29 /* Release */ = {
			isa = XCBuildConfiguration;
			buildSettings = {
				ALWAYS_SEARCH_USER_PATHS = NO;
				CLANG_ANALYZER_NONNULL = YES;
				CLANG_CXX_LANGUAGE_STANDARD = "gnu++0x";
				CLANG_CXX_LIBRARY = "libc++";
				CLANG_ENABLE_MODULES = YES;
				CLANG_ENABLE_OBJC_ARC = YES;
				CLANG_WARN_BOOL_CONVERSION = YES;
				CLANG_WARN_CONSTANT_CONVERSION = YES;
				CLANG_WARN_DIRECT_OBJC_ISA_USAGE = YES_ERROR;
				CLANG_WARN_DOCUMENTATION_COMMENTS = YES;
				CLANG_WARN_EMPTY_BODY = YES;
				CLANG_WARN_ENUM_CONVERSION = YES;
				CLANG_WARN_INFINITE_RECURSION = YES;
				CLANG_WARN_INT_CONVERSION = YES;
				CLANG_WARN_OBJC_ROOT_CLASS = YES_ERROR;
				CLANG_WARN_SUSPICIOUS_MOVE = YES;
				CLANG_WARN_UNREACHABLE_CODE = YES;
				CLANG_WARN__DUPLICATE_METHOD_MATCH = YES;
				"CODE_SIGN_IDENTITY[sdk=iphoneos*]" = "iPhone Developer";
				COPY_PHASE_STRIP = NO;
				DEBUG_INFORMATION_FORMAT = "dwarf-with-dsym";
				ENABLE_NS_ASSERTIONS = NO;
				ENABLE_STRICT_OBJC_MSGSEND = YES;
				GCC_C_LANGUAGE_STANDARD = gnu99;
				GCC_NO_COMMON_BLOCKS = YES;
				GCC_WARN_64_TO_32_BIT_CONVERSION = YES;
				GCC_WARN_ABOUT_RETURN_TYPE = YES_ERROR;
				GCC_WARN_UNDECLARED_SELECTOR = YES;
				GCC_WARN_UNINITIALIZED_AUTOS = YES_AGGRESSIVE;
				GCC_WARN_UNUSED_FUNCTION = YES;
				GCC_WARN_UNUSED_VARIABLE = YES;
				IPHONEOS_DEPLOYMENT_TARGET = 10.2;
				MTL_ENABLE_DEBUG_INFO = NO;
				SDKROOT = iphoneos;
				TARGETED_DEVICE_FAMILY = "1,2";
				VALIDATE_PRODUCT = YES;
			};
			name = Release;
		};
		D001FF551E3247540023DF29 /* Debug */ = {
			isa = XCBuildConfiguration;
			buildSettings = {
				ASSETCATALOG_COMPILER_APPICON_NAME = AppIcon;
				DEVELOPMENT_TEAM = B6C84G57E3;
				INFOPLIST_FILE = "London Underground Tube Status/Info.plist";
				IPHONEOS_DEPLOYMENT_TARGET = 8.1;
				LD_RUNPATH_SEARCH_PATHS = "$(inherited) @executable_path/Frameworks";
				PRODUCT_BUNDLE_IDENTIFIER = "Rachel-McGreevy.London-Underground-Tube-Status";
				PRODUCT_NAME = "$(TARGET_NAME)";
			};
			name = Debug;
		};
		D001FF561E3247540023DF29 /* Release */ = {
			isa = XCBuildConfiguration;
			buildSettings = {
				ASSETCATALOG_COMPILER_APPICON_NAME = AppIcon;
				DEVELOPMENT_TEAM = B6C84G57E3;
				INFOPLIST_FILE = "London Underground Tube Status/Info.plist";
				IPHONEOS_DEPLOYMENT_TARGET = 8.1;
				LD_RUNPATH_SEARCH_PATHS = "$(inherited) @executable_path/Frameworks";
				PRODUCT_BUNDLE_IDENTIFIER = "Rachel-McGreevy.London-Underground-Tube-Status";
				PRODUCT_NAME = "$(TARGET_NAME)";
			};
			name = Release;
		};
		D001FF581E3247540023DF29 /* Debug */ = {
			isa = XCBuildConfiguration;
			buildSettings = {
				BUNDLE_LOADER = "$(TEST_HOST)";
				DEVELOPMENT_TEAM = B6C84G57E3;
				INFOPLIST_FILE = "London Underground Tube StatusTests/Info.plist";
				IPHONEOS_DEPLOYMENT_TARGET = 8.1;
				LD_RUNPATH_SEARCH_PATHS = "$(inherited) @executable_path/Frameworks @loader_path/Frameworks";
				PRODUCT_BUNDLE_IDENTIFIER = "Rachel-McGreevy.London-Underground-Tube-StatusTests";
				PRODUCT_NAME = "$(TARGET_NAME)";
				TEST_HOST = "$(BUILT_PRODUCTS_DIR)/London Underground Tube Status.app/London Underground Tube Status";
			};
			name = Debug;
		};
		D001FF591E3247540023DF29 /* Release */ = {
			isa = XCBuildConfiguration;
			buildSettings = {
				BUNDLE_LOADER = "$(TEST_HOST)";
				DEVELOPMENT_TEAM = B6C84G57E3;
				INFOPLIST_FILE = "London Underground Tube StatusTests/Info.plist";
				IPHONEOS_DEPLOYMENT_TARGET = 8.1;
				LD_RUNPATH_SEARCH_PATHS = "$(inherited) @executable_path/Frameworks @loader_path/Frameworks";
				PRODUCT_BUNDLE_IDENTIFIER = "Rachel-McGreevy.London-Underground-Tube-StatusTests";
				PRODUCT_NAME = "$(TARGET_NAME)";
				TEST_HOST = "$(BUILT_PRODUCTS_DIR)/London Underground Tube Status.app/London Underground Tube Status";
			};
			name = Release;
		};
		D001FF5B1E3247540023DF29 /* Debug */ = {
			isa = XCBuildConfiguration;
			buildSettings = {
				DEVELOPMENT_TEAM = B6C84G57E3;
				INFOPLIST_FILE = "London Underground Tube StatusUITests/Info.plist";
				IPHONEOS_DEPLOYMENT_TARGET = 8.1;
				LD_RUNPATH_SEARCH_PATHS = "$(inherited) @executable_path/Frameworks @loader_path/Frameworks";
				PRODUCT_BUNDLE_IDENTIFIER = "Rachel-McGreevy.London-Underground-Tube-StatusUITests";
				PRODUCT_NAME = "$(TARGET_NAME)";
				TEST_TARGET_NAME = "London Underground Tube Status";
			};
			name = Debug;
		};
		D001FF5C1E3247540023DF29 /* Release */ = {
			isa = XCBuildConfiguration;
			buildSettings = {
				DEVELOPMENT_TEAM = B6C84G57E3;
				INFOPLIST_FILE = "London Underground Tube StatusUITests/Info.plist";
				IPHONEOS_DEPLOYMENT_TARGET = 8.1;
				LD_RUNPATH_SEARCH_PATHS = "$(inherited) @executable_path/Frameworks @loader_path/Frameworks";
				PRODUCT_BUNDLE_IDENTIFIER = "Rachel-McGreevy.London-Underground-Tube-StatusUITests";
				PRODUCT_NAME = "$(TARGET_NAME)";
				TEST_TARGET_NAME = "London Underground Tube Status";
			};
			name = Release;
		};
		D0080CE61E535D0700E60197 /* Debug */ = {
			isa = XCBuildConfiguration;
			buildSettings = {
				DEVELOPMENT_TEAM = B6C84G57E3;
				INFOPLIST_FILE = "London Underground Tube Status Widget/Info.plist";
				LD_RUNPATH_SEARCH_PATHS = "$(inherited) @executable_path/Frameworks @executable_path/../../Frameworks";
				PRODUCT_BUNDLE_IDENTIFIER = "Rachel-McGreevy.London-Underground-Tube-Status.London-Underground-Tube-Status-Widget";
				PRODUCT_NAME = "$(TARGET_NAME)";
				SKIP_INSTALL = YES;
			};
			name = Debug;
		};
		D0080CE71E535D0700E60197 /* Release */ = {
			isa = XCBuildConfiguration;
			buildSettings = {
				DEVELOPMENT_TEAM = B6C84G57E3;
				INFOPLIST_FILE = "London Underground Tube Status Widget/Info.plist";
				LD_RUNPATH_SEARCH_PATHS = "$(inherited) @executable_path/Frameworks @executable_path/../../Frameworks";
				PRODUCT_BUNDLE_IDENTIFIER = "Rachel-McGreevy.London-Underground-Tube-Status.London-Underground-Tube-Status-Widget";
				PRODUCT_NAME = "$(TARGET_NAME)";
				SKIP_INSTALL = YES;
			};
			name = Release;
		};
/* End XCBuildConfiguration section */

/* Begin XCConfigurationList section */
		D001FF1F1E3247540023DF29 /* Build configuration list for PBXProject "London Underground Tube Status" */ = {
			isa = XCConfigurationList;
			buildConfigurations = (
				D001FF521E3247540023DF29 /* Debug */,
				D001FF531E3247540023DF29 /* Release */,
			);
			defaultConfigurationIsVisible = 0;
			defaultConfigurationName = Release;
		};
		D001FF541E3247540023DF29 /* Build configuration list for PBXNativeTarget "London Underground Tube Status" */ = {
			isa = XCConfigurationList;
			buildConfigurations = (
				D001FF551E3247540023DF29 /* Debug */,
				D001FF561E3247540023DF29 /* Release */,
			);
			defaultConfigurationIsVisible = 0;
			defaultConfigurationName = Release;
		};
		D001FF571E3247540023DF29 /* Build configuration list for PBXNativeTarget "London Underground Tube StatusTests" */ = {
			isa = XCConfigurationList;
			buildConfigurations = (
				D001FF581E3247540023DF29 /* Debug */,
				D001FF591E3247540023DF29 /* Release */,
			);
			defaultConfigurationIsVisible = 0;
			defaultConfigurationName = Release;
		};
		D001FF5A1E3247540023DF29 /* Build configuration list for PBXNativeTarget "London Underground Tube StatusUITests" */ = {
			isa = XCConfigurationList;
			buildConfigurations = (
				D001FF5B1E3247540023DF29 /* Debug */,
				D001FF5C1E3247540023DF29 /* Release */,
			);
			defaultConfigurationIsVisible = 0;
			defaultConfigurationName = Release;
		};
		D0080CE81E535D0700E60197 /* Build configuration list for PBXNativeTarget "London Underground Tube Status Widget" */ = {
			isa = XCConfigurationList;
			buildConfigurations = (
				D0080CE61E535D0700E60197 /* Debug */,
				D0080CE71E535D0700E60197 /* Release */,
			);
			defaultConfigurationIsVisible = 0;
			defaultConfigurationName = Release;
		};
/* End XCConfigurationList section */
	};
	rootObject = D001FF1C1E3247540023DF29 /* Project object */;
}
